Microsoft Visual Studio Solution File, Format Version 8.00
#
# $Id: VC71WorkspaceCreator.pm,v 1.7 2006/01/25 17:42:09 elliott_c Exp $
#
# This file was generated by MPC.  Any changes made directly to
# this file will be lost the next time it is generated.
#
# MPC Command:
# bin/mwc.pl -type vc71 -static -name_modifier *_Static -apply_project -exclude TAO/CIAO,TAO/TAO_*.mwc -recurse -hierarchy -relative ACE_ROOT=/tmp/ACE_wrappers_stage-7814/ACE_wrappers
Project("{8BC9CEB8-8B4A-11D0-8D11-00A0C91BC942}") = "QoS_Static", "QoS_Static.vcproj", "{BFA052E2-FECA-1BAD-7781-8A638B30B068}"
	ProjectSection(ProjectDependencies) = postProject
	EndProjectSection
EndProject
Global
	GlobalSection(SolutionConfiguration) = preSolution
		Debug = Debug
		Release = Release
	EndGlobalSection
	GlobalSection(ProjectConfiguration) = postSolution
		{BFA052E2-FECA-1BAD-7781-8A638B30B068}.Debug.ActiveCfg = Debug|Win32
		{BFA052E2-FECA-1BAD-7781-8A638B30B068}.Debug.Build.0 = Debug|Win32
		{BFA052E2-FECA-1BAD-7781-8A638B30B068}.Release.ActiveCfg = Release|Win32
		{BFA052E2-FECA-1BAD-7781-8A638B30B068}.Release.Build.0 = Release|Win32
	EndGlobalSection
	GlobalSection(ExtensibilityGlobals) = postSolution
	EndGlobalSection
	GlobalSection(ExtensibilityAddIns) = postSolution
	EndGlobalSection
EndGlobal
